{
    "_readme": [
        "This file locks the dependencies of your project to a known state",
        "Read more about it at https://getcomposer.org/doc/01-basic-usage.md#installing-dependencies",
        "This file is @generated automatically"
    ],
    "content-hash": "797e3f5734f28b9a5d02b5cc5aa2b5c1",
    "packages": [
        {
            "name": "masterminds/html5",
            "version": "2.6.0",
            "source": {
                "type": "git",
                "url": "https://github.com/Masterminds/html5-php.git",
                "reference": "c961ca6a0a81dc6b55b6859b3f9ea7f402edf9ad"
            },
            "dist": {
                "type": "zip",
                "url": "https://api.github.com/repos/Masterminds/html5-php/zipball/c961ca6a0a81dc6b55b6859b3f9ea7f402edf9ad",
                "reference": "c961ca6a0a81dc6b55b6859b3f9ea7f402edf9ad",
                "shasum": ""
            },
            "require": {
                "ext-ctype": "*",
                "ext-dom": "*",
                "ext-libxml": "*",
                "php": ">=5.3.0"
            },
            "require-dev": {
                "phpunit/phpunit": "^4.8.35",
                "sami/sami": "~2.0",
                "satooshi/php-coveralls": "1.0.*"
            },
            "type": "library",
            "extra": {
                "branch-alias": {
                    "dev-master": "2.6-dev"
                }
            },
            "autoload": {
                "psr-4": {
                    "Masterminds\\": "src"
                }
            },
            "notification-url": "https://packagist.org/downloads/",
            "license": [
                "MIT"
            ],
            "authors": [
                {
                    "name": "Matt Butcher",
                    "email": "technosophos@gmail.com"
                },
                {
                    "name": "Asmir Mustafic",
                    "email": "goetas@gmail.com"
                },
                {
                    "name": "Matt Farina",
                    "email": "matt@mattfarina.com"
                }
            ],
            "description": "An HTML5 parser and serializer.",
            "homepage": "http://masterminds.github.io/html5-php",
            "keywords": [
                "HTML5",
                "dom",
                "html",
                "parser",
                "querypath",
                "serializer",
                "xml"
            ],
            "time": "2019-03-10T11:41:28+00:00"
        },
        {
            "name": "phpextra/sorter",
            "version": "1.0.1",
            "source": {
                "type": "git",
                "url": "https://github.com/phpextra/sorter.git",
                "reference": "bfb8a7f8b9b76e65f039af818544667bddf27502"
            },
            "dist": {
                "type": "zip",
                "url": "https://api.github.com/repos/phpextra/sorter/zipball/bfb8a7f8b9b76e65f039af818544667bddf27502",
                "reference": "bfb8a7f8b9b76e65f039af818544667bddf27502",
                "shasum": ""
            },
            "require": {
                "ext-bcmath": "*",
                "ext-intl": ">=1.0.0",
                "php": ">=5.3"
            },
            "type": "library",
            "extra": {
                "branch-alias": {
                    "dev-master": "1.0.x-dev"
                }
            },
            "autoload": {
                "psr-0": {
                    "PHPExtra\\Sorter": "src"
                }
            },
            "notification-url": "https://packagist.org/downloads/",
            "license": [
                "BSD-3-Clause"
            ],
            "authors": [
                {
                    "name": "Jacek Kobus",
                    "email": "kobus.jacek@gmail.com"
                }
            ],
            "description": "Sort arrays and objects by multiple fields with unicode characters",
            "homepage": "https://github.com/phpextra/sorter",
            "keywords": [
                "array",
                "collections",
                "objects",
                "psr-0",
                "sort",
                "sorter"
            ],
            "time": "2016-01-12T23:29:33+00:00"
        },
        {
            "name": "spatie/schema-org",
            "version": "2.7.0",
            "source": {
                "type": "git",
                "url": "https://github.com/spatie/schema-org.git",
                "reference": "d8d03a78e8ad2bc4fcda760eca0b1b543c8d71f7"
            },
            "dist": {
                "type": "zip",
                "url": "https://api.github.com/repos/spatie/schema-org/zipball/d8d03a78e8ad2bc4fcda760eca0b1b543c8d71f7",
                "reference": "d8d03a78e8ad2bc4fcda760eca0b1b543c8d71f7",
                "shasum": ""
            },
            "require": {
                "ext-json": "*",
                "php": "^7.1"
            },
            "require-dev": {
                "graham-campbell/analyzer": "^2.1.1",
                "league/flysystem": "^1.0",
                "phpunit/phpunit": "^7.0|^8.0",
                "scrutinizer/ocular": "^1.5",
                "symfony/console": "^3.2",
                "symfony/css-selector": "^3.2",
                "symfony/dom-crawler": "^3.2",
                "twig/twig": "^1.28"
            },
            "type": "library",
            "autoload": {
                "psr-4": {
                    "Spatie\\SchemaOrg\\": "src"
                }
            },
            "notification-url": "https://packagist.org/downloads/",
            "license": [
                "MIT"
            ],
            "authors": [
                {
                    "name": "Sebastian De Deyne",
                    "email": "sebastian@spatie.be",
                    "homepage": "https://spatie.be",
                    "role": "Developer"
                },
                {
                    "name": "Tom Witkowski",
                    "email": "dev.gummibeer@gmail.com",
                    "homepage": "https://gummibeer.de",
                    "role": "Developer"
                }
            ],
            "description": "A fluent builder Schema.org types and ld+json generator",
            "homepage": "https://github.com/spatie/schema-org",
            "keywords": [
                "schema-org",
                "spatie"
            ],
            "time": "2019-10-06T13:17:19+00:00"
        },
        {
            "name": "symfony/css-selector",
            "version": "v4.3.2",
            "source": {
                "type": "git",
                "url": "https://github.com/symfony/css-selector.git",
                "reference": "105c98bb0c5d8635bea056135304bd8edcc42b4d"
            },
            "dist": {
                "type": "zip",
                "url": "https://api.github.com/repos/symfony/css-selector/zipball/105c98bb0c5d8635bea056135304bd8edcc42b4d",
                "reference": "105c98bb0c5d8635bea056135304bd8edcc42b4d",
                "shasum": ""
            },
            "require": {
                "php": "^7.1.3"
            },
            "type": "library",
            "extra": {
                "branch-alias": {
                    "dev-master": "4.3-dev"
                }
            },
            "autoload": {
                "psr-4": {
                    "Symfony\\Component\\CssSelector\\": ""
                },
                "exclude-from-classmap": [
                    "/Tests/"
                ]
            },
            "notification-url": "https://packagist.org/downloads/",
            "license": [
                "MIT"
            ],
            "authors": [
                {
                    "name": "Jean-François Simon",
                    "email": "jeanfrancois.simon@sensiolabs.com"
                },
                {
                    "name": "Fabien Potencier",
                    "email": "fabien@symfony.com"
                },
                {
                    "name": "Symfony Community",
                    "homepage": "https://symfony.com/contributors"
                }
            ],
            "description": "Symfony CssSelector Component",
            "homepage": "https://symfony.com",
            "time": "2019-01-16T21:53:39+00:00"
        },
        {
            "name": "symfony/dom-crawler",
            "version": "v4.3.2",
            "source": {
                "type": "git",
                "url": "https://github.com/symfony/dom-crawler.git",
                "reference": "291397232a2eefb3347eaab9170409981eaad0e2"
            },
            "dist": {
                "type": "zip",
                "url": "https://api.github.com/repos/symfony/dom-crawler/zipball/291397232a2eefb3347eaab9170409981eaad0e2",
                "reference": "291397232a2eefb3347eaab9170409981eaad0e2",
                "shasum": ""
            },
            "require": {
                "php": "^7.1.3",
                "symfony/polyfill-ctype": "~1.8",
                "symfony/polyfill-mbstring": "~1.0"
            },
            "conflict": {
                "masterminds/html5": "<2.6"
            },
            "require-dev": {
                "masterminds/html5": "^2.6",
                "symfony/css-selector": "~3.4|~4.0"
            },
            "suggest": {
                "symfony/css-selector": ""
            },
            "type": "library",
            "extra": {
                "branch-alias": {
                    "dev-master": "4.3-dev"
                }
            },
            "autoload": {
                "psr-4": {
                    "Symfony\\Component\\DomCrawler\\": ""
                },
                "exclude-from-classmap": [
                    "/Tests/"
                ]
            },
            "notification-url": "https://packagist.org/downloads/",
            "license": [
                "MIT"
            ],
            "authors": [
                {
                    "name": "Fabien Potencier",
                    "email": "fabien@symfony.com"
                },
                {
                    "name": "Symfony Community",
                    "homepage": "https://symfony.com/contributors"
                }
            ],
            "description": "Symfony DomCrawler Component",
            "homepage": "https://symfony.com",
            "time": "2019-06-13T11:03:18+00:00"
        },
        {
            "name": "symfony/polyfill-ctype",
            "version": "v1.11.0",
            "source": {
                "type": "git",
                "url": "https://github.com/symfony/polyfill-ctype.git",
                "reference": "82ebae02209c21113908c229e9883c419720738a"
            },
            "dist": {
                "type": "zip",
                "url": "https://api.github.com/repos/symfony/polyfill-ctype/zipball/82ebae02209c21113908c229e9883c419720738a",
                "reference": "82ebae02209c21113908c229e9883c419720738a",
                "shasum": ""
            },
            "require": {
                "php": ">=5.3.3"
            },
            "suggest": {
                "ext-ctype": "For best performance"
            },
            "type": "library",
            "extra": {
                "branch-alias": {
                    "dev-master": "1.11-dev"
                }
            },
            "autoload": {
                "psr-4": {
                    "Symfony\\Polyfill\\Ctype\\": ""
                },
                "files": [
                    "bootstrap.php"
                ]
            },
            "notification-url": "https://packagist.org/downloads/",
            "license": [
                "MIT"
            ],
            "authors": [
                {
                    "name": "Symfony Community",
                    "homepage": "https://symfony.com/contributors"
                },
                {
                    "name": "Gert de Pagter",
                    "email": "BackEndTea@gmail.com"
                }
            ],
            "description": "Symfony polyfill for ctype functions",
            "homepage": "https://symfony.com",
            "keywords": [
                "compatibility",
                "ctype",
                "polyfill",
                "portable"
            ],
            "time": "2019-02-06T07:57:58+00:00"
        },
        {
            "name": "symfony/polyfill-mbstring",
            "version": "v1.11.0",
            "source": {
                "type": "git",
                "url": "https://github.com/symfony/polyfill-mbstring.git",
                "reference": "fe5e94c604826c35a32fa832f35bd036b6799609"
            },
            "dist": {
                "type": "zip",
                "url": "https://api.github.com/repos/symfony/polyfill-mbstring/zipball/fe5e94c604826c35a32fa832f35bd036b6799609",
                "reference": "fe5e94c604826c35a32fa832f35bd036b6799609",
                "shasum": ""
            },
            "require": {
                "php": ">=5.3.3"
            },
            "suggest": {
                "ext-mbstring": "For best performance"
            },
            "type": "library",
            "extra": {
                "branch-alias": {
                    "dev-master": "1.11-dev"
                }
            },
            "autoload": {
                "psr-4": {
                    "Symfony\\Polyfill\\Mbstring\\": ""
                },
                "files": [
                    "bootstrap.php"
                ]
            },
            "notification-url": "https://packagist.org/downloads/",
            "license": [
                "MIT"
            ],
            "authors": [
                {
                    "name": "Nicolas Grekas",
                    "email": "p@tchwork.com"
                },
                {
                    "name": "Symfony Community",
                    "homepage": "https://symfony.com/contributors"
                }
            ],
            "description": "Symfony polyfill for the Mbstring extension",
            "homepage": "https://symfony.com",
            "keywords": [
                "compatibility",
                "mbstring",
                "polyfill",
                "portable",
                "shim"
            ],
            "time": "2019-02-06T07:57:58+00:00"
        }
    ],
    "packages-dev": [],
    "aliases": [],
    "minimum-stability": "stable",
    "stability-flags": [],
    "prefer-stable": false,
    "prefer-lowest": false,
    "platform": [],
    "platform-dev": []
}
